
Microsoft Visual Studio Solution File, Format Version 12.00
# Visual Studio 15
Project("{FAE04EC0-301F-11D3-BF4B-00C04F79EFBC}") = "Manatee7.Android", "Manatee7.Android\Manatee7.Android.csproj", "{06DF97B0-08C3-4B1E-9D5C-177EF7894DF5}"
EndProject
Project("{FAE04EC0-301F-11D3-BF4B-00C04F79EFBC}") = "Manatee7.iOS", "Manatee7.iOS\Manatee7.iOS.csproj", "{7AAFE4FC-0BAD-4891-9787-26B7BECEEA15}"
EndProject
Project("{FAE04EC0-301F-11D3-BF4B-00C04F79EFBC}") = "Manatee7", "Manatee7\Manatee7.csproj", "{7B2F86FB-7EAB-4393-9549-EB9CBEAA8342}"
EndProject
Project("{FAE04EC0-301F-11D3-BF4B-00C04F79EFBC}") = "NearbyMessages", "NearbyMessages\NearbyMessages\NearbyMessages.csproj", "{DE44EC43-421F-43BD-90AE-8303453422BE}"
EndProject
Global
	GlobalSection(SolutionConfigurationPlatforms) = preSolution
		Debug|Any CPU = Debug|Any CPU
		Release|Any CPU = Release|Any CPU
		Debug|iPhoneSimulator = Debug|iPhoneSimulator
		Release|iPhoneSimulator = Release|iPhoneSimulator
		Debug|iPhone = Debug|iPhone
		Release|iPhone = Release|iPhone
		Ad-Hoc|iPhone = Ad-Hoc|iPhone
		AppStore|iPhone = AppStore|iPhone
	EndGlobalSection
	GlobalSection(ProjectConfigurationPlatforms) = postSolution
		{06DF97B0-08C3-4B1E-9D5C-177EF7894DF5}.Debug|Any CPU.ActiveCfg = Debug|Any CPU
		{06DF97B0-08C3-4B1E-9D5C-177EF7894DF5}.Release|Any CPU.ActiveCfg = Release|Any CPU
		{06DF97B0-08C3-4B1E-9D5C-177EF7894DF5}.Debug|iPhoneSimulator.ActiveCfg = Debug|Any CPU
		{06DF97B0-08C3-4B1E-9D5C-177EF7894DF5}.Release|iPhoneSimulator.ActiveCfg = Release|Any CPU
		{06DF97B0-08C3-4B1E-9D5C-177EF7894DF5}.Debug|iPhone.ActiveCfg = Debug|Any CPU
		{06DF97B0-08C3-4B1E-9D5C-177EF7894DF5}.Release|iPhone.ActiveCfg = Release|Any CPU
		{06DF97B0-08C3-4B1E-9D5C-177EF7894DF5}.Ad-Hoc|iPhone.ActiveCfg = Debug|Any CPU
		{06DF97B0-08C3-4B1E-9D5C-177EF7894DF5}.AppStore|iPhone.ActiveCfg = Debug|Any CPU
		{7AAFE4FC-0BAD-4891-9787-26B7BECEEA15}.Debug|Any CPU.ActiveCfg = Debug|iPhone
		{7AAFE4FC-0BAD-4891-9787-26B7BECEEA15}.Debug|Any CPU.Build.0 = Debug|iPhone
		{7AAFE4FC-0BAD-4891-9787-26B7BECEEA15}.Release|Any CPU.ActiveCfg = Release|iPhoneSimulator
		{7AAFE4FC-0BAD-4891-9787-26B7BECEEA15}.Release|Any CPU.Build.0 = Release|iPhoneSimulator
		{7AAFE4FC-0BAD-4891-9787-26B7BECEEA15}.Debug|iPhoneSimulator.ActiveCfg = Debug|iPhoneSimulator
		{7AAFE4FC-0BAD-4891-9787-26B7BECEEA15}.Debug|iPhoneSimulator.Build.0 = Debug|iPhoneSimulator
		{7AAFE4FC-0BAD-4891-9787-26B7BECEEA15}.Release|iPhoneSimulator.ActiveCfg = Release|iPhoneSimulator
		{7AAFE4FC-0BAD-4891-9787-26B7BECEEA15}.Release|iPhoneSimulator.Build.0 = Release|iPhoneSimulator
		{7AAFE4FC-0BAD-4891-9787-26B7BECEEA15}.Debug|iPhone.ActiveCfg = Debug|iPhone
		{7AAFE4FC-0BAD-4891-9787-26B7BECEEA15}.Debug|iPhone.Build.0 = Debug|iPhone
		{7AAFE4FC-0BAD-4891-9787-26B7BECEEA15}.Release|iPhone.ActiveCfg = Release|iPhone
		{7AAFE4FC-0BAD-4891-9787-26B7BECEEA15}.Release|iPhone.Build.0 = Release|iPhone
		{7AAFE4FC-0BAD-4891-9787-26B7BECEEA15}.Ad-Hoc|iPhone.ActiveCfg = Ad-Hoc|iPhone
		{7AAFE4FC-0BAD-4891-9787-26B7BECEEA15}.Ad-Hoc|iPhone.Build.0 = Ad-Hoc|iPhone
		{7AAFE4FC-0BAD-4891-9787-26B7BECEEA15}.AppStore|iPhone.ActiveCfg = AppStore|iPhone
		{7AAFE4FC-0BAD-4891-9787-26B7BECEEA15}.AppStore|iPhone.Build.0 = AppStore|iPhone
		{7B2F86FB-7EAB-4393-9549-EB9CBEAA8342}.Debug|Any CPU.ActiveCfg = Debug|Any CPU
		{7B2F86FB-7EAB-4393-9549-EB9CBEAA8342}.Debug|Any CPU.Build.0 = Debug|Any CPU
		{7B2F86FB-7EAB-4393-9549-EB9CBEAA8342}.Release|Any CPU.ActiveCfg = Release|Any CPU
		{7B2F86FB-7EAB-4393-9549-EB9CBEAA8342}.Release|Any CPU.Build.0 = Release|Any CPU
		{7B2F86FB-7EAB-4393-9549-EB9CBEAA8342}.Debug|iPhoneSimulator.ActiveCfg = Debug|Any CPU
		{7B2F86FB-7EAB-4393-9549-EB9CBEAA8342}.Debug|iPhoneSimulator.Build.0 = Debug|Any CPU
		{7B2F86FB-7EAB-4393-9549-EB9CBEAA8342}.Release|iPhoneSimulator.ActiveCfg = Release|Any CPU
		{7B2F86FB-7EAB-4393-9549-EB9CBEAA8342}.Release|iPhoneSimulator.Build.0 = Release|Any CPU
		{7B2F86FB-7EAB-4393-9549-EB9CBEAA8342}.Debug|iPhone.ActiveCfg = Debug|Any CPU
		{7B2F86FB-7EAB-4393-9549-EB9CBEAA8342}.Debug|iPhone.Build.0 = Debug|Any CPU
		{7B2F86FB-7EAB-4393-9549-EB9CBEAA8342}.Release|iPhone.ActiveCfg = Release|Any CPU
		{7B2F86FB-7EAB-4393-9549-EB9CBEAA8342}.Release|iPhone.Build.0 = Release|Any CPU
		{7B2F86FB-7EAB-4393-9549-EB9CBEAA8342}.Ad-Hoc|iPhone.ActiveCfg = Debug|Any CPU
		{7B2F86FB-7EAB-4393-9549-EB9CBEAA8342}.Ad-Hoc|iPhone.Build.0 = Debug|Any CPU
		{7B2F86FB-7EAB-4393-9549-EB9CBEAA8342}.AppStore|iPhone.ActiveCfg = Debug|Any CPU
		{7B2F86FB-7EAB-4393-9549-EB9CBEAA8342}.AppStore|iPhone.Build.0 = Debug|Any CPU
		{DE44EC43-421F-43BD-90AE-8303453422BE}.Debug|Any CPU.ActiveCfg = Debug|Any CPU
		{DE44EC43-421F-43BD-90AE-8303453422BE}.Debug|Any CPU.Build.0 = Debug|Any CPU
		{DE44EC43-421F-43BD-90AE-8303453422BE}.Release|Any CPU.ActiveCfg = Release|Any CPU
		{DE44EC43-421F-43BD-90AE-8303453422BE}.Release|Any CPU.Build.0 = Release|Any CPU
		{DE44EC43-421F-43BD-90AE-8303453422BE}.Debug|iPhoneSimulator.ActiveCfg = Debug|Any CPU
		{DE44EC43-421F-43BD-90AE-8303453422BE}.Debug|iPhoneSimulator.Build.0 = Debug|Any CPU
		{DE44EC43-421F-43BD-90AE-8303453422BE}.Release|iPhoneSimulator.ActiveCfg = Release|Any CPU
		{DE44EC43-421F-43BD-90AE-8303453422BE}.Release|iPhoneSimulator.Build.0 = Release|Any CPU
		{DE44EC43-421F-43BD-90AE-8303453422BE}.Debug|iPhone.ActiveCfg = Debug|Any CPU
		{DE44EC43-421F-43BD-90AE-8303453422BE}.Debug|iPhone.Build.0 = Debug|Any CPU
		{DE44EC43-421F-43BD-90AE-8303453422BE}.Release|iPhone.ActiveCfg = Release|Any CPU
		{DE44EC43-421F-43BD-90AE-8303453422BE}.Release|iPhone.Build.0 = Release|Any CPU
		{DE44EC43-421F-43BD-90AE-8303453422BE}.Ad-Hoc|iPhone.ActiveCfg = Debug|Any CPU
		{DE44EC43-421F-43BD-90AE-8303453422BE}.Ad-Hoc|iPhone.Build.0 = Debug|Any CPU
		{DE44EC43-421F-43BD-90AE-8303453422BE}.AppStore|iPhone.ActiveCfg = Debug|Any CPU
		{DE44EC43-421F-43BD-90AE-8303453422BE}.AppStore|iPhone.Build.0 = Debug|Any CPU
	EndGlobalSection
EndGlobal
